// !$*UTF8*$!
{
	archiveVersion = 1;
	classes = {
	};
	objectVersion = 50;
	objects = {

/* Begin PBXBuildFile section */
		202856C3258F52A800519096 /* AppDelegate.swift in Sources */ = {isa = PBXBuildFile; fileRef = 202856C2258F52A800519096 /* AppDelegate.swift */; };
		202856C5258F52A800519096 /* SceneDelegate.swift in Sources */ = {isa = PBXBuildFile; fileRef = 202856C4258F52A800519096 /* SceneDelegate.swift */; };
		202856C7258F52A800519096 /* MainViewController.swift in Sources */ = {isa = PBXBuildFile; fileRef = 202856C6258F52A800519096 /* MainViewController.swift */; };
		202856CA258F52A800519096 /* Main.storyboard in Resources */ = {isa = PBXBuildFile; fileRef = 202856C8258F52A800519096 /* Main.storyboard */; };
		202856CC258F52A900519096 /* Assets.xcassets in Resources */ = {isa = PBXBuildFile; fileRef = 202856CB258F52A900519096 /* Assets.xcassets */; };
		202856CF258F52A900519096 /* LaunchScreen.storyboard in Resources */ = {isa = PBXBuildFile; fileRef = 202856CD258F52A900519096 /* LaunchScreen.storyboard */; };
		202856E0258F546500519096 /* ColorPicker.storyboard in Resources */ = {isa = PBXBuildFile; fileRef = 202856DE258F546500519096 /* ColorPicker.storyboard */; };
		20C863B5258F5D0100A08275 /* ColorPickerViewController.swift in Sources */ = {isa = PBXBuildFile; fileRef = 20C863B4258F5D0100A08275 /* ColorPickerViewController.swift */; };
		20C863B9258F618100A08275 /* BackgroundColorModel.swift in Sources */ = {isa = PBXBuildFile; fileRef = 20C863B8258F618100A08275 /* BackgroundColorModel.swift */; };
/* End PBXBuildFile section */

/* Begin PBXFileReference section */
		202856BF258F52A800519096 /* ColorPicker.app */ = {isa = PBXFileReference; explicitFileType = wrapper.application; includeInIndex = 0; path = ColorPicker.app; sourceTree = BUILT_PRODUCTS_DIR; };
		202856C2258F52A800519096 /* AppDelegate.swift */ = {isa = PBXFileReference; lastKnownFileType = sourcecode.swift; path = AppDelegate.swift; sourceTree = "<group>"; };
		202856C4258F52A800519096 /* SceneDelegate.swift */ = {isa = PBXFileReference; lastKnownFileType = sourcecode.swift; path = SceneDelegate.swift; sourceTree = "<group>"; };
		202856C6258F52A800519096 /* MainViewController.swift */ = {isa = PBXFileReference; lastKnownFileType = sourcecode.swift; path = MainViewController.swift; sourceTree = "<group>"; };
		202856C9258F52A800519096 /* Base */ = {isa = PBXFileReference; lastKnownFileType = file.storyboard; name = Base; path = Base.lproj/Main.storyboard; sourceTree = "<group>"; };
		202856CB258F52A900519096 /* Assets.xcassets */ = {isa = PBXFileReference; lastKnownFileType = folder.assetcatalog; path = Assets.xcassets; sourceTree = "<group>"; };
		202856CE258F52A900519096 /* Base */ = {isa = PBXFileReference; lastKnownFileType = file.storyboard; name = Base; path = Base.lproj/LaunchScreen.storyboard; sourceTree = "<group>"; };
		202856D0258F52A900519096 /* Info.plist */ = {isa = PBXFileReference; lastKnownFileType = text.plist.xml; path = Info.plist; sourceTree = "<group>"; };
		202856DF258F546500519096 /* Base */ = {isa = PBXFileReference; lastKnownFileType = file.storyboard; name = Base; path = Base.lproj/ColorPicker.storyboard; sourceTree = "<group>"; };
		20C863B4258F5D0100A08275 /* ColorPickerViewController.swift */ = {isa = PBXFileReference; lastKnownFileType = sourcecode.swift; path = ColorPickerViewController.swift; sourceTree = "<group>"; };
		20C863B8258F618100A08275 /* BackgroundColorModel.swift */ = {isa = PBXFileReference; lastKnownFileType = sourcecode.swift; path = BackgroundColorModel.swift; sourceTree = "<group>"; };
/* End PBXFileReference section */

/* Begin PBXFrameworksBuildPhase section */
		202856BC258F52A800519096 /* Frameworks */ = {
			isa = PBXFrameworksBuildPhase;
			buildActionMask = 2147483647;
			files = (
			);
			runOnlyForDeploymentPostprocessing = 0;
		};
/* End PBXFrameworksBuildPhase section */

/* Begin PBXGroup section */
		202856B6258F52A800519096 = {
			isa = PBXGroup;
			children = (
				202856C1258F52A800519096 /* ColorPicker */,
				202856C0258F52A800519096 /* Products */,
			);
			sourceTree = "<group>";
		};
		202856C0258F52A800519096 /* Products */ = {
			isa = PBXGroup;
			children = (
				202856BF258F52A800519096 /* ColorPicker.app */,
			);
			name = Products;
			sourceTree = "<group>";
		};
		202856C1258F52A800519096 /* ColorPicker */ = {
			isa = PBXGroup;
			children = (
				202856DA258F533900519096 /* Models */,
				202856DB258F534000519096 /* ViewControllers */,
				202856D9258F531D00519096 /* Storyboards */,
				202856DC258F534B00519096 /* Resources */,
				202856D8258F52C800519096 /* Supporting Files */,
			);
			path = ColorPicker;
			sourceTree = "<group>";
		};
		202856D8258F52C800519096 /* Supporting Files */ = {
			isa = PBXGroup;
			children = (
				202856C2258F52A800519096 /* AppDelegate.swift */,
				202856C4258F52A800519096 /* SceneDelegate.swift */,
				202856D0258F52A900519096 /* Info.plist */,
			);
			path = "Supporting Files";
			sourceTree = "<group>";
		};
		202856D9258F531D00519096 /* Storyboards */ = {
			isa = PBXGroup;
			children = (
				202856C8258F52A800519096 /* Main.storyboard */,
				202856DE258F546500519096 /* ColorPicker.storyboard */,
				202856CD258F52A900519096 /* LaunchScreen.storyboard */,
			);
			path = Storyboards;
			sourceTree = "<group>";
		};
		202856DA258F533900519096 /* Models */ = {
			isa = PBXGroup;
			children = (
				20C863B8258F618100A08275 /* BackgroundColorModel.swift */,
			);
			path = Models;
			sourceTree = "<group>";
		};
		202856DB258F534000519096 /* ViewControllers */ = {
			isa = PBXGroup;
			children = (
				202856C6258F52A800519096 /* MainViewController.swift */,
				20C863B4258F5D0100A08275 /* ColorPickerViewController.swift */,
			);
			path = ViewControllers;
			sourceTree = "<group>";
		};
		202856DC258F534B00519096 /* Resources */ = {
			isa = PBXGroup;
			children = (
				202856CB258F52A900519096 /* Assets.xcassets */,
			);
			path = Resources;
			sourceTree = "<group>";
		};
/* End PBXGroup section */

/* Begin PBXNativeTarget section */
		202856BE258F52A800519096 /* ColorPicker */ = {
			isa = PBXNativeTarget;
			buildConfigurationList = 202856D3258F52A900519096 /* Build configuration list for PBXNativeTarget "ColorPicker" */;
			buildPhases = (
				202856BB258F52A800519096 /* Sources */,
				202856BC258F52A800519096 /* Frameworks */,
				202856BD258F52A800519096 /* Resources */,
			);
			buildRules = (
			);
			dependencies = (
			);
			name = ColorPicker;
			productName = ColorPicker;
			productReference = 202856BF258F52A800519096 /* ColorPicker.app */;
			productType = "com.apple.product-type.application";
		};
/* End PBXNativeTarget section */

/* Begin PBXProject section */
		202856B7258F52A800519096 /* Project object */ = {
			isa = PBXProject;
			attributes = {
				LastSwiftUpdateCheck = 1230;
				LastUpgradeCheck = 1230;
				TargetAttributes = {
					202856BE258F52A800519096 = {
						CreatedOnToolsVersion = 12.3;
					};
				};
			};
			buildConfigurationList = 202856BA258F52A800519096 /* Build configuration list for PBXProject "ColorPicker" */;
			compatibilityVersion = "Xcode 9.3";
			developmentRegion = en;
			hasScannedForEncodings = 0;
			knownRegions = (
				en,
				Base,
			);
			mainGroup = 202856B6258F52A800519096;
			productRefGroup = 202856C0258F52A800519096 /* Products */;
			projectDirPath = "";
			projectRoot = "";
			targets = (
				202856BE258F52A800519096 /* ColorPicker */,
			);
		};
/* End PBXProject section */

/* Begin PBXResourcesBuildPhase section */
		202856BD258F52A800519096 /* Resources */ = {
			isa = PBXResourcesBuildPhase;
			buildActionMask = 2147483647;
			files = (
				202856CF258F52A900519096 /* LaunchScreen.storyboard in Resources */,
				202856CC258F52A900519096 /* Assets.xcassets in Resources */,
				202856E0258F546500519096 /* ColorPicker.storyboard in Resources */,
				202856CA258F52A800519096 /* Main.storyboard in Resources */,
			);
			runOnlyForDeploymentPostprocessing = 0;
		};
/* End PBXResourcesBuildPhase section */

/* Begin PBXSourcesBuildPhase section */
		202856BB258F52A800519096 /* Sources */ = {
			isa = PBXSourcesBuildPhase;
			buildActionMask = 2147483647;
			files = (
				202856C7258F52A800519096 /* MainViewController.swift in Sources */,
				202856C3258F52A800519096 /* AppDelegate.swift in Sources */,
				20C863B5258F5D0100A08275 /* ColorPickerViewController.swift in Sources */,
				20C863B9258F618100A08275 /* BackgroundColorModel.swift in Sources */,
				202856C5258F52A800519096 /* SceneDelegate.swift in Sources */,
			);
			runOnlyForDeploymentPostprocessing = 0;
		};
/* End PBXSourcesBuildPhase section */

/* Begin PBXVariantGroup section */
		202856C8258F52A800519096 /* Main.storyboard */ = {
			isa = PBXVariantGroup;
			children = (
				202856C9258F52A800519096 /* Base */,
			);
			name = Main.storyboard;
			sourceTree = "<group>";
		};
		202856CD258F52A900519096 /* LaunchScreen.storyboard */ = {
			isa = PBXVariantGroup;
			children = (
				202856CE258F52A900519096 /* Base */,
			);
			name = LaunchScreen.storyboard;
			sourceTree = "<group>";
		};
		202856DE258F546500519096 /* ColorPicker.storyboard */ = {
			isa = PBXVariantGroup;
			children = (
				202856DF258F546500519096 /* Base */,
			);
			name = ColorPicker.storyboard;
			sourceTree = "<group>";
		};
/* End PBXVariantGroup section */

/* Begin XCBuildConfiguration section */
		202856D1258F52A900519096 /* Debug */ = {
			isa = XCBuildConfiguration;
			buildSettings = {
				ALWAYS_SEARCH_USER_PATHS = NO;
				CLANG_ANALYZER_NONNULL = YES;
				CLANG_ANALYZER_NUMBER_OBJECT_CONVERSION = YES_AGGRESSIVE;
				CLANG_CXX_LANGUAGE_STANDARD = "gnu++14";
				CLANG_CXX_LIBRARY = "libc++";
				CLANG_ENABLE_MODULES = YES;
				CLANG_ENABLE_OBJC_ARC = YES;
				CLANG_ENABLE_OBJC_WEAK = YES;
				CLANG_WARN_BLOCK_CAPTURE_AUTORELEASING = YES;
				CLANG_WARN_BOOL_CONVERSION = YES;
				CLANG_WARN_COMMA = YES;
				CLANG_WARN_CONSTANT_CONVERSION = YES;
				CLANG_WARN_DEPRECATED_OBJC_IMPLEMENTATIONS = YES;
				CLANG_WARN_DIRECT_OBJC_ISA_USAGE = YES_ERROR;
				CLANG_WARN_DOCUMENTATION_COMMENTS = YES;
				CLANG_WARN_EMPTY_BODY = YES;
				CLANG_WARN_ENUM_CONVERSION = YES;
				CLANG_WARN_INFINITE_RECURSION = YES;
				CLANG_WARN_INT_CONVERSION = YES;
				CLANG_WARN_NON_LITERAL_NULL_CONVERSION = YES;
				CLANG_WARN_OBJC_IMPLICIT_RETAIN_SELF = YES;
				CLANG_WARN_OBJC_LITERAL_CONVERSION = YES;
				CLANG_WARN_OBJC_ROOT_CLASS = YES_ERROR;
				CLANG_WARN_QUOTED_INCLUDE_IN_FRAMEWORK_HEADER = YES;
				CLANG_WARN_RANGE_LOOP_ANALYSIS = YES;
				CLANG_WARN_STRICT_PROTOTYPES = YES;
				CLANG_WARN_SUSPICIOUS_MOVE = YES;
				CLANG_WARN_UNGUARDED_AVAILABILITY = YES_AGGRESSIVE;
				CLANG_WARN_UNREACHABLE_CODE = YES;
				CLANG_WARN__DUPLICATE_METHOD_MATCH = YES;
				COPY_PHASE_STRIP = NO;
				DEBUG_INFORMATION_FORMAT = dwarf;
				ENABLE_STRICT_OBJC_MSGSEND = YES;
				ENABLE_TESTABILITY = YES;
				GCC_C_LANGUAGE_STANDARD = gnu11;
				GCC_DYNAMIC_NO_PIC = NO;
				GCC_NO_COMMON_BLOCKS = YES;
				GCC_OPTIMIZATION_LEVEL = 0;
				GCC_PREPROCESSOR_DEFINITIONS = (
					"DEBUG=1",
					"$(inherited)",
				);
				GCC_WARN_64_TO_32_BIT_CONVERSION = YES;
				GCC_WARN_ABOUT_RETURN_TYPE = YES_ERROR;
				GCC_WARN_UNDECLARED_SELECTOR = YES;
				GCC_WARN_UNINITIALIZED_AUTOS = YES_AGGRESSIVE;
				GCC_WARN_UNUSED_FUNCTION = YES;
				GCC_WARN_UNUSED_VARIABLE = YES;
				IPHONEOS_DEPLOYMENT_TARGET = 14.0;
				MTL_ENABLE_DEBUG_INFO = INCLUDE_SOURCE;
				MTL_FAST_MATH = YES;
				ONLY_ACTIVE_ARCH = YES;
				SDKROOT = iphoneos;
				SWIFT_ACTIVE_COMPILATION_CONDITIONS = DEBUG;
				SWIFT_OPTIMIZATION_LEVEL = "-Onone";
			};
			name = Debug;
		};
		202856D2258F52A900519096 /* Release */ = {
			isa = XCBuildConfiguration;
			buildSettings = {
				ALWAYS_SEARCH_USER_PATHS = NO;
				CLANG_ANALYZER_NONNULL = YES;
				CLANG_ANALYZER_NUMBER_OBJECT_CONVERSION = YES_AGGRESSIVE;
				CLANG_CXX_LANGUAGE_STANDARD = "gnu++14";
				CLANG_CXX_LIBRARY = "libc++";
				CLANG_ENABLE_MODULES = YES;
				CLANG_ENABLE_OBJC_ARC = YES;
				CLANG_ENABLE_OBJC_WEAK = YES;
				CLANG_WARN_BLOCK_CAPTURE_AUTORELEASING = YES;
				CLANG_WARN_BOOL_CONVERSION = YES;
				CLANG_WARN_COMMA = YES;
				CLANG_WARN_CONSTANT_CONVERSION = YES;
				CLANG_WARN_DEPRECATED_OBJC_IMPLEMENTATIONS = YES;
				CLANG_WARN_DIRECT_OBJC_ISA_USAGE = YES_ERROR;
				CLANG_WARN_DOCUMENTATION_COMMENTS = YES;
				CLANG_WARN_EMPTY_BODY = YES;
				CLANG_WARN_ENUM_CONVERSION = YES;
				CLANG_WARN_INFINITE_RECURSION = YES;
				CLANG_WARN_INT_CONVERSION = YES;
				CLANG_WARN_NON_LITERAL_NULL_CONVERSION = YES;
				CLANG_WARN_OBJC_IMPLICIT_RETAIN_SELF = YES;
				CLANG_WARN_OBJC_LITERAL_CONVERSION = YES;
				CLANG_WARN_OBJC_ROOT_CLASS = YES_ERROR;
				CLANG_WARN_QUOTED_INCLUDE_IN_FRAMEWORK_HEADER = YES;
				CLANG_WARN_RANGE_LOOP_ANALYSIS = YES;
				CLANG_WARN_STRICT_PROTOTYPES = YES;
				CLANG_WARN_SUSPICIOUS_MOVE = YES;
				CLANG_WARN_UNGUARDED_AVAILABILITY = YES_AGGRESSIVE;
				CLANG_WARN_UNREACHABLE_CODE = YES;
				CLANG_WARN__DUPLICATE_METHOD_MATCH = YES;
				COPY_PHASE_STRIP = NO;
				DEBUG_INFORMATION_FORMAT = "dwarf-with-dsym";
				ENABLE_NS_ASSERTIONS = NO;
				ENABLE_STRICT_OBJC_MSGSEND = YES;
				GCC_C_LANGUAGE_STANDARD = gnu11;
				GCC_NO_COMMON_BLOCKS = YES;
				GCC_WARN_64_TO_32_BIT_CONVERSION = YES;
				GCC_WARN_ABOUT_RETURN_TYPE = YES_ERROR;
				GCC_WARN_UNDECLARED_SELECTOR = YES;
				GCC_WARN_UNINITIALIZED_AUTOS = YES_AGGRESSIVE;
				GCC_WARN_UNUSED_FUNCTION = YES;
				GCC_WARN_UNUSED_VARIABLE = YES;
				IPHONEOS_DEPLOYMENT_TARGET = 14.0;
				MTL_ENABLE_DEBUG_INFO = NO;
				MTL_FAST_MATH = YES;
				SDKROOT = iphoneos;
				SWIFT_COMPILATION_MODE = wholemodule;
				SWIFT_OPTIMIZATION_LEVEL = "-O";
				VALIDATE_PRODUCT = YES;
			};
			name = Release;
		};
		202856D4258F52A900519096 /* Debug */ = {
			isa = XCBuildConfiguration;
			buildSettings = {
				ASSETCATALOG_COMPILER_APPICON_NAME = AppIcon;
				ASSETCATALOG_COMPILER_GLOBAL_ACCENT_COLOR_NAME = AccentColor;
				CODE_SIGN_STYLE = Automatic;
				DEVELOPMENT_TEAM = ZP5T3JP7G6;
				INFOPLIST_FILE = "ColorPicker/Supporting Files/Info.plist";
				IPHONEOS_DEPLOYMENT_TARGET = 14.0;
				LD_RUNPATH_SEARCH_PATHS = (
					"$(inherited)",
					"@executable_path/Frameworks",
				);
				PRODUCT_BUNDLE_IDENTIFIER = "com.vladimir-belyaev.ColorPicker";
				PRODUCT_NAME = "$(TARGET_NAME)";
				SWIFT_VERSION = 5.0;
				TARGETED_DEVICE_FAMILY = 1;
			};
			name = Debug;
		};
		202856D5258F52A900519096 /* Release */ = {
			isa = XCBuildConfiguration;
			buildSettings = {
				ASSETCATALOG_COMPILER_APPICON_NAME = AppIcon;
				ASSETCATALOG_COMPILER_GLOBAL_ACCENT_COLOR_NAME = AccentColor;
				CODE_SIGN_STYLE = Automatic;
				DEVELOPMENT_TEAM = ZP5T3JP7G6;
				INFOPLIST_FILE = "ColorPicker/Supporting Files/Info.plist";
				IPHONEOS_DEPLOYMENT_TARGET = 14.0;
				LD_RUNPATH_SEARCH_PATHS = (
					"$(inherited)",
					"@executable_path/Frameworks",
				);
				PRODUCT_BUNDLE_IDENTIFIER = "com.vladimir-belyaev.ColorPicker";
				PRODUCT_NAME = "$(TARGET_NAME)";
				SWIFT_VERSION = 5.0;
				TARGETED_DEVICE_FAMILY = 1;
			};
			name = Release;
		};
/* End XCBuildConfiguration section */

/* Begin XCConfigurationList section */
		202856BA258F52A800519096 /* Build configuration list for PBXProject "ColorPicker" */ = {
			isa = XCConfigurationList;
			buildConfigurations = (
				202856D1258F52A900519096 /* Debug */,
				202856D2258F52A900519096 /* Release */,
			);
			defaultConfigurationIsVisible = 0;
			defaultConfigurationName = Release;
		};
		202856D3258F52A900519096 /* Build configuration list for PBXNativeTarget "ColorPicker" */ = {
			isa = XCConfigurationList;
			buildConfigurations = (
				202856D4258F52A900519096 /* Debug */,
				202856D5258F52A900519096 /* Release */,
			);
			defaultConfigurationIsVisible = 0;
			defaultConfigurationName = Release;
		};
/* End XCConfigurationList section */
	};
	rootObject = 202856B7258F52A800519096 /* Project object */;
}
